{
  "name": "todo-app",
  "requires": true,
  "lockfileVersion": 1,
  "dependencies": {
    "react_ujs": {
      "version": "2.6.1",
      "resolved": "https://registry.npmjs.org/react_ujs/-/react_ujs-2.6.1.tgz",
      "integrity": "sha512-9M33/A8cubStkZ2cpJSimcTD0RlCWiqXF6e90IQmMw/Caf/W0dtAzOtHtiQE3JjLbt/nhRR7NLPxMfnlm141ig==",
      "requires": {
        "react_ujs": "^2.6.0"
      }
    }
  }
}
